
Microsoft Visual Studio Solution File, Format Version 12.00
# Visual Studio Version 17
VisualStudioVersion = 17.6.33829.357
MinimumVisualStudioVersion = 10.0.40219.1
Project("{8BC9CEB8-8B4A-11D0-8D11-00A0C91BC942}") = "ConsoleApplication1ư", "ConsoleApplication1ư\ConsoleApplication1ư.vcxproj", "{67035B15-025F-4C53-B361-351770D3040B}"
EndProject
Global
	GlobalSection(SolutionConfigurationPlatforms) = preSolution
		Debug|x64 = Debug|x64
		Debug|x86 = Debug|x86
		Release|x64 = Release|x64
		Release|x86 = Release|x86
	EndGlobalSection
	GlobalSection(ProjectConfigurationPlatforms) = postSolution
		{67035B15-025F-4C53-B361-351770D3040B}.Debug|x64.ActiveCfg = Debug|x64
		{67035B15-025F-4C53-B361-351770D3040B}.Debug|x64.Build.0 = Debug|x64
		{67035B15-025F-4C53-B361-351770D3040B}.Debug|x86.ActiveCfg = Debug|Win32
		{67035B15-025F-4C53-B361-351770D3040B}.Debug|x86.Build.0 = Debug|Win32
		{67035B15-025F-4C53-B361-351770D3040B}.Release|x64.ActiveCfg = Release|x64
		{67035B15-025F-4C53-B361-351770D3040B}.Release|x64.Build.0 = Release|x64
		{67035B15-025F-4C53-B361-351770D3040B}.Release|x86.ActiveCfg = Release|Win32
		{67035B15-025F-4C53-B361-351770D3040B}.Release|x86.Build.0 = Release|Win32
	EndGlobalSection
	GlobalSection(SolutionProperties) = preSolution
		HideSolutionNode = FALSE
	EndGlobalSection
	GlobalSection(ExtensibilityGlobals) = postSolution
		SolutionGuid = {1660773C-064E-4BCC-A0CF-2D7D05D18ECE}
	EndGlobalSection
EndGlobal
